
Microsoft Visual Studio Solution File, Format Version 12.00
# Visual Studio Version 17
VisualStudioVersion = 17.9.34607.119
MinimumVisualStudioVersion = 10.0.40219.1
Project("{888888A0-9F3D-457C-B088-3A5042F75D52}") = "Lists_2", "Lists_2.pyproj", "{FAC6358C-C01E-4CD0-A146-01B70AF843EC}"
EndProject
Global
	GlobalSection(SolutionConfigurationPlatforms) = preSolution
		Debug|Any CPU = Debug|Any CPU
		Release|Any CPU = Release|Any CPU
	EndGlobalSection
	GlobalSection(ProjectConfigurationPlatforms) = postSolution
		{FAC6358C-C01E-4CD0-A146-01B70AF843EC}.Debug|Any CPU.ActiveCfg = Debug|Any CPU
		{FAC6358C-C01E-4CD0-A146-01B70AF843EC}.Release|Any CPU.ActiveCfg = Release|Any CPU
	EndGlobalSection
	GlobalSection(SolutionProperties) = preSolution
		HideSolutionNode = FALSE
	EndGlobalSection
	GlobalSection(ExtensibilityGlobals) = postSolution
		SolutionGuid = {956467B4-2BB9-4ACE-9BCA-C4C48A469770}
	EndGlobalSection
EndGlobal
